// !$*UTF8*$!
{
	archiveVersion = 1;
	classes = {
	};
	objectVersion = 77;
	objects = {

/* Begin PBXBuildFile section */
		1C438D662E03B7BA00991DD3 /* libbz2.tbd in Frameworks */ = {isa = PBXBuildFile; fileRef = 1C438D652E03B7BA00991DD3 /* libbz2.tbd */; };
		1C438D682E03B7C800991DD3 /* libz.tbd in Frameworks */ = {isa = PBXBuildFile; fileRef = 1C438D672E03B7C800991DD3 /* libz.tbd */; };
		1C438D6A2E03B7D700991DD3 /* libiconv.tbd in Frameworks */ = {isa = PBXBuildFile; fileRef = 1C438D692E03B7D700991DD3 /* libiconv.tbd */; };
		1C438D6C2E03B7E100991DD3 /* libxml2.tbd in Frameworks */ = {isa = PBXBuildFile; fileRef = 1C438D6B2E03B7E100991DD3 /* libxml2.tbd */; };
		1C438D6E2E03B7EB00991DD3 /* AudioToolbox.framework in Frameworks */ = {isa = PBXBuildFile; fileRef = 1C438D6D2E03B7EB00991DD3 /* AudioToolbox.framework */; };
		1C438D702E03B7F200991DD3 /* CoreMedia.framework in Frameworks */ = {isa = PBXBuildFile; fileRef = 1C438D6F2E03B7F200991DD3 /* CoreMedia.framework */; };
		1C438D722E03B7F900991DD3 /* VideoToolbox.framework in Frameworks */ = {isa = PBXBuildFile; fileRef = 1C438D712E03B7F900991DD3 /* VideoToolbox.framework */; };
		1C438D742E03B7FE00991DD3 /* AVFoundation.framework in Frameworks */ = {isa = PBXBuildFile; fileRef = 1C438D732E03B7FE00991DD3 /* AVFoundation.framework */; };
		1C5526D32DED57480073C293 /* NetSwift in Frameworks */ = {isa = PBXBuildFile; productRef = 1C5526D22DED57480073C293 /* NetSwift */; };
		1C9880BB2DF89034001E8E39 /* Auth in Frameworks */ = {isa = PBXBuildFile; productRef = 1C9880BA2DF89034001E8E39 /* Auth */; };
		1C98813D2DF8AD12001E8E39 /* Functions in Frameworks */ = {isa = PBXBuildFile; productRef = 1C98813C2DF8AD12001E8E39 /* Functions */; };
		1C98813F2DF8AD12001E8E39 /* PostgREST in Frameworks */ = {isa = PBXBuildFile; productRef = 1C98813E2DF8AD12001E8E39 /* PostgREST */; };
		1C9881412DF8AD12001E8E39 /* Storage in Frameworks */ = {isa = PBXBuildFile; productRef = 1C9881402DF8AD12001E8E39 /* Storage */; };
		1C9881432DF8AD33001E8E39 /* Supabase in Frameworks */ = {isa = PBXBuildFile; productRef = 1C9881422DF8AD33001E8E39 /* Supabase */; };
		1CA1837A2E007CEA003F4600 /* GoogleSignIn in Frameworks */ = {isa = PBXBuildFile; productRef = 1CA183792E007CEA003F4600 /* GoogleSignIn */; };
		1CA1837C2E007CEA003F4600 /* GoogleSignInSwift in Frameworks */ = {isa = PBXBuildFile; productRef = 1CA1837B2E007CEA003F4600 /* GoogleSignInSwift */; };
		1CBA36A82E299E2A00DB98F2 /* ffmpegkit.framework in Frameworks */ = {isa = PBXBuildFile; fileRef = 1CBA36982E299E1E00DB98F2 /* ffmpegkit.framework */; };
		1CBA36A92E299E2A00DB98F2 /* ffmpegkit.framework in Embed Frameworks */ = {isa = PBXBuildFile; fileRef = 1CBA36982E299E1E00DB98F2 /* ffmpegkit.framework */; settings = {ATTRIBUTES = (CodeSignOnCopy, RemoveHeadersOnCopy, ); }; };
		1CBA36B82E299ED800DB98F2 /* libswscale.framework in Frameworks */ = {isa = PBXBuildFile; fileRef = 1CBA369F2E299E1E00DB98F2 /* libswscale.framework */; };
		1CBA36B92E299ED800DB98F2 /* libswscale.framework in Embed Frameworks */ = {isa = PBXBuildFile; fileRef = 1CBA369F2E299E1E00DB98F2 /* libswscale.framework */; settings = {ATTRIBUTES = (CodeSignOnCopy, RemoveHeadersOnCopy, ); }; };
		1CBA36BA2E299ED900DB98F2 /* libswresample.framework in Frameworks */ = {isa = PBXBuildFile; fileRef = 1CBA369E2E299E1E00DB98F2 /* libswresample.framework */; };
		1CBA36BB2E299ED900DB98F2 /* libswresample.framework in Embed Frameworks */ = {isa = PBXBuildFile; fileRef = 1CBA369E2E299E1E00DB98F2 /* libswresample.framework */; settings = {ATTRIBUTES = (CodeSignOnCopy, RemoveHeadersOnCopy, ); }; };
		1CBA36BC2E299EDB00DB98F2 /* libavutil.framework in Frameworks */ = {isa = PBXBuildFile; fileRef = 1CBA369D2E299E1E00DB98F2 /* libavutil.framework */; };
		1CBA36BD2E299EDB00DB98F2 /* libavutil.framework in Embed Frameworks */ = {isa = PBXBuildFile; fileRef = 1CBA369D2E299E1E00DB98F2 /* libavutil.framework */; settings = {ATTRIBUTES = (CodeSignOnCopy, RemoveHeadersOnCopy, ); }; };
		1CBA36BE2E299EDD00DB98F2 /* libavformat.framework in Frameworks */ = {isa = PBXBuildFile; fileRef = 1CBA369C2E299E1E00DB98F2 /* libavformat.framework */; };
		1CBA36BF2E299EDD00DB98F2 /* libavformat.framework in Embed Frameworks */ = {isa = PBXBuildFile; fileRef = 1CBA369C2E299E1E00DB98F2 /* libavformat.framework */; settings = {ATTRIBUTES = (CodeSignOnCopy, RemoveHeadersOnCopy, ); }; };
		1CBA36C02E299EDE00DB98F2 /* libavfilter.framework in Frameworks */ = {isa = PBXBuildFile; fileRef = 1CBA369B2E299E1E00DB98F2 /* libavfilter.framework */; };
		1CBA36C12E299EDE00DB98F2 /* libavfilter.framework in Embed Frameworks */ = {isa = PBXBuildFile; fileRef = 1CBA369B2E299E1E00DB98F2 /* libavfilter.framework */; settings = {ATTRIBUTES = (CodeSignOnCopy, RemoveHeadersOnCopy, ); }; };
		1CBA36C22E299EDF00DB98F2 /* libavdevice.framework in Frameworks */ = {isa = PBXBuildFile; fileRef = 1CBA369A2E299E1E00DB98F2 /* libavdevice.framework */; };
		1CBA36C32E299EDF00DB98F2 /* libavdevice.framework in Embed Frameworks */ = {isa = PBXBuildFile; fileRef = 1CBA369A2E299E1E00DB98F2 /* libavdevice.framework */; settings = {ATTRIBUTES = (CodeSignOnCopy, RemoveHeadersOnCopy, ); }; };
		1CBA36C42E299EE200DB98F2 /* libavcodec.framework in Frameworks */ = {isa = PBXBuildFile; fileRef = 1CBA36992E299E1E00DB98F2 /* libavcodec.framework */; };
		1CBA36C52E299EE200DB98F2 /* libavcodec.framework in Embed Frameworks */ = {isa = PBXBuildFile; fileRef = 1CBA36992E299E1E00DB98F2 /* libavcodec.framework */; settings = {ATTRIBUTES = (CodeSignOnCopy, RemoveHeadersOnCopy, ); }; };
/* End PBXBuildFile section */

/* Begin PBXCopyFilesBuildPhase section */
		1CBA36702E29944100DB98F2 /* Embed Frameworks */ = {
			isa = PBXCopyFilesBuildPhase;
			buildActionMask = 2147483647;
			dstPath = "";
			dstSubfolderSpec = 10;
			files = (
				1CBA36BB2E299ED900DB98F2 /* libswresample.framework in Embed Frameworks */,
				1CBA36C12E299EDE00DB98F2 /* libavfilter.framework in Embed Frameworks */,
				1CBA36BF2E299EDD00DB98F2 /* libavformat.framework in Embed Frameworks */,
				1CBA36A92E299E2A00DB98F2 /* ffmpegkit.framework in Embed Frameworks */,
				1CBA36C52E299EE200DB98F2 /* libavcodec.framework in Embed Frameworks */,
				1CBA36B92E299ED800DB98F2 /* libswscale.framework in Embed Frameworks */,
				1CBA36BD2E299EDB00DB98F2 /* libavutil.framework in Embed Frameworks */,
				1CBA36C32E299EDF00DB98F2 /* libavdevice.framework in Embed Frameworks */,
			);
			name = "Embed Frameworks";
			runOnlyForDeploymentPostprocessing = 0;
		};
/* End PBXCopyFilesBuildPhase section */

/* Begin PBXFileReference section */
		1C438D652E03B7BA00991DD3 /* libbz2.tbd */ = {isa = PBXFileReference; lastKnownFileType = "sourcecode.text-based-dylib-definition"; name = libbz2.tbd; path = usr/lib/libbz2.tbd; sourceTree = SDKROOT; };
		1C438D672E03B7C800991DD3 /* libz.tbd */ = {isa = PBXFileReference; lastKnownFileType = "sourcecode.text-based-dylib-definition"; name = libz.tbd; path = usr/lib/libz.tbd; sourceTree = SDKROOT; };
		1C438D692E03B7D700991DD3 /* libiconv.tbd */ = {isa = PBXFileReference; lastKnownFileType = "sourcecode.text-based-dylib-definition"; name = libiconv.tbd; path = usr/lib/libiconv.tbd; sourceTree = SDKROOT; };
		1C438D6B2E03B7E100991DD3 /* libxml2.tbd */ = {isa = PBXFileReference; lastKnownFileType = "sourcecode.text-based-dylib-definition"; name = libxml2.tbd; path = usr/lib/libxml2.tbd; sourceTree = SDKROOT; };
		1C438D6D2E03B7EB00991DD3 /* AudioToolbox.framework */ = {isa = PBXFileReference; lastKnownFileType = wrapper.framework; name = AudioToolbox.framework; path = System/Library/Frameworks/AudioToolbox.framework; sourceTree = SDKROOT; };
		1C438D6F2E03B7F200991DD3 /* CoreMedia.framework */ = {isa = PBXFileReference; lastKnownFileType = wrapper.framework; name = CoreMedia.framework; path = System/Library/Frameworks/CoreMedia.framework; sourceTree = SDKROOT; };
		1C438D712E03B7F900991DD3 /* VideoToolbox.framework */ = {isa = PBXFileReference; lastKnownFileType = wrapper.framework; name = VideoToolbox.framework; path = System/Library/Frameworks/VideoToolbox.framework; sourceTree = SDKROOT; };
		1C438D732E03B7FE00991DD3 /* AVFoundation.framework */ = {isa = PBXFileReference; lastKnownFileType = wrapper.framework; name = AVFoundation.framework; path = System/Library/Frameworks/AVFoundation.framework; sourceTree = SDKROOT; };
		1C7E79432DDB9D4200C42589 /* echoscholar-ios.app */ = {isa = PBXFileReference; explicitFileType = wrapper.application; includeInIndex = 0; path = "echoscholar-ios.app"; sourceTree = BUILT_PRODUCTS_DIR; };
		1CBA36982E299E1E00DB98F2 /* ffmpegkit.framework */ = {isa = PBXFileReference; lastKnownFileType = wrapper.framework; path = ffmpegkit.framework; sourceTree = "<group>"; };
		1CBA36992E299E1E00DB98F2 /* libavcodec.framework */ = {isa = PBXFileReference; lastKnownFileType = wrapper.framework; path = libavcodec.framework; sourceTree = "<group>"; };
		1CBA369A2E299E1E00DB98F2 /* libavdevice.framework */ = {isa = PBXFileReference; lastKnownFileType = wrapper.framework; path = libavdevice.framework; sourceTree = "<group>"; };
		1CBA369B2E299E1E00DB98F2 /* libavfilter.framework */ = {isa = PBXFileReference; lastKnownFileType = wrapper.framework; path = libavfilter.framework; sourceTree = "<group>"; };
		1CBA369C2E299E1E00DB98F2 /* libavformat.framework */ = {isa = PBXFileReference; lastKnownFileType = wrapper.framework; path = libavformat.framework; sourceTree = "<group>"; };
		1CBA369D2E299E1E00DB98F2 /* libavutil.framework */ = {isa = PBXFileReference; lastKnownFileType = wrapper.framework; path = libavutil.framework; sourceTree = "<group>"; };
		1CBA369E2E299E1E00DB98F2 /* libswresample.framework */ = {isa = PBXFileReference; lastKnownFileType = wrapper.framework; path = libswresample.framework; sourceTree = "<group>"; };
		1CBA369F2E299E1E00DB98F2 /* libswscale.framework */ = {isa = PBXFileReference; lastKnownFileType = wrapper.framework; path = libswscale.framework; sourceTree = "<group>"; };
/* End PBXFileReference section */

/* Begin PBXFileSystemSynchronizedBuildFileExceptionSet section */
		1CC534BD2DF8CA4500F2D3A6 /* Exceptions for "echoscholar-ios" folder in "echoscholar-ios" target */ = {
			isa = PBXFileSystemSynchronizedBuildFileExceptionSet;
			membershipExceptions = (
				Info.plist,
			);
			publicHeaders = (
				FFmpegBridge.h,
			);
			target = 1C7E79422DDB9D4200C42589 /* echoscholar-ios */;
		};
/* End PBXFileSystemSynchronizedBuildFileExceptionSet section */

/* Begin PBXFileSystemSynchronizedRootGroup section */
		1C5526DC2DED5A0F0073C293 /* Packages */ = {
			isa = PBXFileSystemSynchronizedRootGroup;
			path = Packages;
			sourceTree = "<group>";
		};
		1C7E79452DDB9D4200C42589 /* echoscholar-ios */ = {
			isa = PBXFileSystemSynchronizedRootGroup;
			exceptions = (
				1CC534BD2DF8CA4500F2D3A6 /* Exceptions for "echoscholar-ios" folder in "echoscholar-ios" target */,
			);
			path = "echoscholar-ios";
			sourceTree = "<group>";
		};
/* End PBXFileSystemSynchronizedRootGroup section */

/* Begin PBXFrameworksBuildPhase section */
		1C7E79402DDB9D4200C42589 /* Frameworks */ = {
			isa = PBXFrameworksBuildPhase;
			buildActionMask = 2147483647;
			files = (
				1C438D742E03B7FE00991DD3 /* AVFoundation.framework in Frameworks */,
				1C438D722E03B7F900991DD3 /* VideoToolbox.framework in Frameworks */,
				1C438D702E03B7F200991DD3 /* CoreMedia.framework in Frameworks */,
				1C438D6E2E03B7EB00991DD3 /* AudioToolbox.framework in Frameworks */,
				1C438D6C2E03B7E100991DD3 /* libxml2.tbd in Frameworks */,
				1C438D6A2E03B7D700991DD3 /* libiconv.tbd in Frameworks */,
				1C438D682E03B7C800991DD3 /* libz.tbd in Frameworks */,
				1C438D662E03B7BA00991DD3 /* libbz2.tbd in Frameworks */,
				1C98813F2DF8AD12001E8E39 /* PostgREST in Frameworks */,
				1C98813D2DF8AD12001E8E39 /* Functions in Frameworks */,
				1CBA36C02E299EDE00DB98F2 /* libavfilter.framework in Frameworks */,
				1CBA36B82E299ED800DB98F2 /* libswscale.framework in Frameworks */,
				1CBA36BE2E299EDD00DB98F2 /* libavformat.framework in Frameworks */,
				1C9881432DF8AD33001E8E39 /* Supabase in Frameworks */,
				1CA1837C2E007CEA003F4600 /* GoogleSignInSwift in Frameworks */,
				1CBA36C42E299EE200DB98F2 /* libavcodec.framework in Frameworks */,
				1CBA36C22E299EDF00DB98F2 /* libavdevice.framework in Frameworks */,
				1CBA36A82E299E2A00DB98F2 /* ffmpegkit.framework in Frameworks */,
				1C9880BB2DF89034001E8E39 /* Auth in Frameworks */,
				1C9881412DF8AD12001E8E39 /* Storage in Frameworks */,
				1C5526D32DED57480073C293 /* NetSwift in Frameworks */,
				1CA1837A2E007CEA003F4600 /* GoogleSignIn in Frameworks */,
				1CBA36BA2E299ED900DB98F2 /* libswresample.framework in Frameworks */,
				1CBA36BC2E299EDB00DB98F2 /* libavutil.framework in Frameworks */,
			);
			runOnlyForDeploymentPostprocessing = 0;
		};
/* End PBXFrameworksBuildPhase section */

/* Begin PBXGroup section */
		1C5526D12DED57480073C293 /* Frameworks */ = {
			isa = PBXGroup;
			children = (
				1CBA36982E299E1E00DB98F2 /* ffmpegkit.framework */,
				1CBA36992E299E1E00DB98F2 /* libavcodec.framework */,
				1CBA369A2E299E1E00DB98F2 /* libavdevice.framework */,
				1CBA369B2E299E1E00DB98F2 /* libavfilter.framework */,
				1CBA369C2E299E1E00DB98F2 /* libavformat.framework */,
				1CBA369D2E299E1E00DB98F2 /* libavutil.framework */,
				1CBA369E2E299E1E00DB98F2 /* libswresample.framework */,
				1CBA369F2E299E1E00DB98F2 /* libswscale.framework */,
				1C438D732E03B7FE00991DD3 /* AVFoundation.framework */,
				1C438D712E03B7F900991DD3 /* VideoToolbox.framework */,
				1C438D6F2E03B7F200991DD3 /* CoreMedia.framework */,
				1C438D6D2E03B7EB00991DD3 /* AudioToolbox.framework */,
				1C438D6B2E03B7E100991DD3 /* libxml2.tbd */,
				1C438D692E03B7D700991DD3 /* libiconv.tbd */,
				1C438D672E03B7C800991DD3 /* libz.tbd */,
				1C438D652E03B7BA00991DD3 /* libbz2.tbd */,
			);
			name = Frameworks;
			sourceTree = "<group>";
		};
		1C7E793A2DDB9D4200C42589 = {
			isa = PBXGroup;
			children = (
				1C5526DC2DED5A0F0073C293 /* Packages */,
				1C7E79452DDB9D4200C42589 /* echoscholar-ios */,
				1C5526D12DED57480073C293 /* Frameworks */,
				1C7E79442DDB9D4200C42589 /* Products */,
			);
			sourceTree = "<group>";
		};
		1C7E79442DDB9D4200C42589 /* Products */ = {
			isa = PBXGroup;
			children = (
				1C7E79432DDB9D4200C42589 /* echoscholar-ios.app */,
			);
			name = Products;
			sourceTree = "<group>";
		};
/* End PBXGroup section */

/* Begin PBXHeadersBuildPhase section */
		1C7EE6B12E03BADE002C52E6 /* Headers */ = {
			isa = PBXHeadersBuildPhase;
			buildActionMask = 2147483647;
			files = (
			);
			runOnlyForDeploymentPostprocessing = 0;
		};
/* End PBXHeadersBuildPhase section */

/* Begin PBXNativeTarget section */
		1C7E79422DDB9D4200C42589 /* echoscholar-ios */ = {
			isa = PBXNativeTarget;
			buildConfigurationList = 1C7E79512DDB9D4300C42589 /* Build configuration list for PBXNativeTarget "echoscholar-ios" */;
			buildPhases = (
				1C7EE6B12E03BADE002C52E6 /* Headers */,
				1C7E793F2DDB9D4200C42589 /* Sources */,
				1C7E79402DDB9D4200C42589 /* Frameworks */,
				1C7E79412DDB9D4200C42589 /* Resources */,
				1CBA36702E29944100DB98F2 /* Embed Frameworks */,
			);
			buildRules = (
			);
			dependencies = (
			);
			fileSystemSynchronizedGroups = (
				1C5526DC2DED5A0F0073C293 /* Packages */,
				1C7E79452DDB9D4200C42589 /* echoscholar-ios */,
			);
			name = "echoscholar-ios";
			packageProductDependencies = (
				1C5526D22DED57480073C293 /* NetSwift */,
				1C9880BA2DF89034001E8E39 /* Auth */,
				1C98813C2DF8AD12001E8E39 /* Functions */,
				1C98813E2DF8AD12001E8E39 /* PostgREST */,
				1C9881402DF8AD12001E8E39 /* Storage */,
				1C9881422DF8AD33001E8E39 /* Supabase */,
				1CA183792E007CEA003F4600 /* GoogleSignIn */,
				1CA1837B2E007CEA003F4600 /* GoogleSignInSwift */,
			);
			productName = "echoscholar-ios";
			productReference = 1C7E79432DDB9D4200C42589 /* echoscholar-ios.app */;
			productType = "com.apple.product-type.application";
		};
/* End PBXNativeTarget section */

/* Begin PBXProject section */
		1C7E793B2DDB9D4200C42589 /* Project object */ = {
			isa = PBXProject;
			attributes = {
				BuildIndependentTargetsInParallel = 1;
				LastSwiftUpdateCheck = 1620;
				LastUpgradeCheck = 1620;
				TargetAttributes = {
					1C7E79422DDB9D4200C42589 = {
						CreatedOnToolsVersion = 16.2;
					};
				};
			};
			buildConfigurationList = 1C7E793E2DDB9D4200C42589 /* Build configuration list for PBXProject "echoscholar-ios" */;
			developmentRegion = en;
			hasScannedForEncodings = 0;
			knownRegions = (
				en,
				Base,
			);
			mainGroup = 1C7E793A2DDB9D4200C42589;
			minimizedProjectReferenceProxies = 1;
			packageReferences = (
				1C9880B92DF89034001E8E39 /* XCRemoteSwiftPackageReference "supabase-swift" */,
				1CA183782E007CEA003F4600 /* XCRemoteSwiftPackageReference "GoogleSignIn-iOS" */,
				1CBA365C2E29928A00DB98F2 /* XCRemoteSwiftPackageReference "ffmpeg-kit-spm" */,
			);
			preferredProjectObjectVersion = 77;
			productRefGroup = 1C7E79442DDB9D4200C42589 /* Products */;
			projectDirPath = "";
			projectRoot = "";
			targets = (
				1C7E79422DDB9D4200C42589 /* echoscholar-ios */,
			);
		};
/* End PBXProject section */

/* Begin PBXResourcesBuildPhase section */
		1C7E79412DDB9D4200C42589 /* Resources */ = {
			isa = PBXResourcesBuildPhase;
			buildActionMask = 2147483647;
			files = (
			);
			runOnlyForDeploymentPostprocessing = 0;
		};
/* End PBXResourcesBuildPhase section */

/* Begin PBXSourcesBuildPhase section */
		1C7E793F2DDB9D4200C42589 /* Sources */ = {
			isa = PBXSourcesBuildPhase;
			buildActionMask = 2147483647;
			files = (
			);
			runOnlyForDeploymentPostprocessing = 0;
		};
/* End PBXSourcesBuildPhase section */

/* Begin XCBuildConfiguration section */
		1C7E794F2DDB9D4300C42589 /* Debug */ = {
			isa = XCBuildConfiguration;
			buildSettings = {
				ALWAYS_SEARCH_USER_PATHS = NO;
				ASSETCATALOG_COMPILER_GENERATE_SWIFT_ASSET_SYMBOL_EXTENSIONS = YES;
				CLANG_ANALYZER_NONNULL = YES;
				CLANG_ANALYZER_NUMBER_OBJECT_CONVERSION = YES_AGGRESSIVE;
				CLANG_CXX_LANGUAGE_STANDARD = "gnu++20";
				CLANG_ENABLE_MODULES = YES;
				CLANG_ENABLE_OBJC_ARC = YES;
				CLANG_ENABLE_OBJC_WEAK = YES;
				CLANG_WARN_BLOCK_CAPTURE_AUTORELEASING = YES;
				CLANG_WARN_BOOL_CONVERSION = YES;
				CLANG_WARN_COMMA = YES;
				CLANG_WARN_CONSTANT_CONVERSION = YES;
				CLANG_WARN_DEPRECATED_OBJC_IMPLEMENTATIONS = YES;
				CLANG_WARN_DIRECT_OBJC_ISA_USAGE = YES_ERROR;
				CLANG_WARN_DOCUMENTATION_COMMENTS = YES;
				CLANG_WARN_EMPTY_BODY = YES;
				CLANG_WARN_ENUM_CONVERSION = YES;
				CLANG_WARN_INFINITE_RECURSION = YES;
				CLANG_WARN_INT_CONVERSION = YES;
				CLANG_WARN_NON_LITERAL_NULL_CONVERSION = YES;
				CLANG_WARN_OBJC_IMPLICIT_RETAIN_SELF = YES;
				CLANG_WARN_OBJC_LITERAL_CONVERSION = YES;
				CLANG_WARN_OBJC_ROOT_CLASS = YES_ERROR;
				CLANG_WARN_QUOTED_INCLUDE_IN_FRAMEWORK_HEADER = YES;
				CLANG_WARN_RANGE_LOOP_ANALYSIS = YES;
				CLANG_WARN_STRICT_PROTOTYPES = YES;
				CLANG_WARN_SUSPICIOUS_MOVE = YES;
				CLANG_WARN_UNGUARDED_AVAILABILITY = YES_AGGRESSIVE;
				CLANG_WARN_UNREACHABLE_CODE = YES;
				CLANG_WARN__DUPLICATE_METHOD_MATCH = YES;
				COPY_PHASE_STRIP = NO;
				DEBUG_INFORMATION_FORMAT = dwarf;
				ENABLE_STRICT_OBJC_MSGSEND = YES;
				ENABLE_TESTABILITY = YES;
				ENABLE_USER_SCRIPT_SANDBOXING = YES;
				GCC_C_LANGUAGE_STANDARD = gnu17;
				GCC_DYNAMIC_NO_PIC = NO;
				GCC_NO_COMMON_BLOCKS = YES;
				GCC_OPTIMIZATION_LEVEL = 0;
				GCC_PREPROCESSOR_DEFINITIONS = (
					"DEBUG=1",
					"$(inherited)",
				);
				GCC_WARN_64_TO_32_BIT_CONVERSION = YES;
				GCC_WARN_ABOUT_RETURN_TYPE = YES_ERROR;
				GCC_WARN_UNDECLARED_SELECTOR = YES;
				GCC_WARN_UNINITIALIZED_AUTOS = YES_AGGRESSIVE;
				GCC_WARN_UNUSED_FUNCTION = YES;
				GCC_WARN_UNUSED_VARIABLE = YES;
				IPHONEOS_DEPLOYMENT_TARGET = 18.2;
				LOCALIZATION_PREFERS_STRING_CATALOGS = YES;
				MTL_ENABLE_DEBUG_INFO = INCLUDE_SOURCE;
				MTL_FAST_MATH = YES;
				ONLY_ACTIVE_ARCH = YES;
				SDKROOT = iphoneos;
				SWIFT_ACTIVE_COMPILATION_CONDITIONS = "DEBUG $(inherited)";
				SWIFT_OPTIMIZATION_LEVEL = "-Onone";
			};
			name = Debug;
		};
		1C7E79502DDB9D4300C42589 /* Release */ = {
			isa = XCBuildConfiguration;
			buildSettings = {
				ALWAYS_SEARCH_USER_PATHS = NO;
				ASSETCATALOG_COMPILER_GENERATE_SWIFT_ASSET_SYMBOL_EXTENSIONS = YES;
				CLANG_ANALYZER_NONNULL = YES;
				CLANG_ANALYZER_NUMBER_OBJECT_CONVERSION = YES_AGGRESSIVE;
				CLANG_CXX_LANGUAGE_STANDARD = "gnu++20";
				CLANG_ENABLE_MODULES = YES;
				CLANG_ENABLE_OBJC_ARC = YES;
				CLANG_ENABLE_OBJC_WEAK = YES;
				CLANG_WARN_BLOCK_CAPTURE_AUTORELEASING = YES;
				CLANG_WARN_BOOL_CONVERSION = YES;
				CLANG_WARN_COMMA = YES;
				CLANG_WARN_CONSTANT_CONVERSION = YES;
				CLANG_WARN_DEPRECATED_OBJC_IMPLEMENTATIONS = YES;
				CLANG_WARN_DIRECT_OBJC_ISA_USAGE = YES_ERROR;
				CLANG_WARN_DOCUMENTATION_COMMENTS = YES;
				CLANG_WARN_EMPTY_BODY = YES;
				CLANG_WARN_ENUM_CONVERSION = YES;
				CLANG_WARN_INFINITE_RECURSION = YES;
				CLANG_WARN_INT_CONVERSION = YES;
				CLANG_WARN_NON_LITERAL_NULL_CONVERSION = YES;
				CLANG_WARN_OBJC_IMPLICIT_RETAIN_SELF = YES;
				CLANG_WARN_OBJC_LITERAL_CONVERSION = YES;
				CLANG_WARN_OBJC_ROOT_CLASS = YES_ERROR;
				CLANG_WARN_QUOTED_INCLUDE_IN_FRAMEWORK_HEADER = YES;
				CLANG_WARN_RANGE_LOOP_ANALYSIS = YES;
				CLANG_WARN_STRICT_PROTOTYPES = YES;
				CLANG_WARN_SUSPICIOUS_MOVE = YES;
				CLANG_WARN_UNGUARDED_AVAILABILITY = YES_AGGRESSIVE;
				CLANG_WARN_UNREACHABLE_CODE = YES;
				CLANG_WARN__DUPLICATE_METHOD_MATCH = YES;
				COPY_PHASE_STRIP = NO;
				DEBUG_INFORMATION_FORMAT = "dwarf-with-dsym";
				ENABLE_NS_ASSERTIONS = NO;
				ENABLE_STRICT_OBJC_MSGSEND = YES;
				ENABLE_USER_SCRIPT_SANDBOXING = YES;
				GCC_C_LANGUAGE_STANDARD = gnu17;
				GCC_NO_COMMON_BLOCKS = YES;
				GCC_WARN_64_TO_32_BIT_CONVERSION = YES;
				GCC_WARN_ABOUT_RETURN_TYPE = YES_ERROR;
				GCC_WARN_UNDECLARED_SELECTOR = YES;
				GCC_WARN_UNINITIALIZED_AUTOS = YES_AGGRESSIVE;
				GCC_WARN_UNUSED_FUNCTION = YES;
				GCC_WARN_UNUSED_VARIABLE = YES;
				IPHONEOS_DEPLOYMENT_TARGET = 18.2;
				LOCALIZATION_PREFERS_STRING_CATALOGS = YES;
				MTL_ENABLE_DEBUG_INFO = NO;
				MTL_FAST_MATH = YES;
				SDKROOT = iphoneos;
				SWIFT_COMPILATION_MODE = wholemodule;
				VALIDATE_PRODUCT = YES;
			};
			name = Release;
		};
		1C7E79522DDB9D4300C42589 /* Debug */ = {
			isa = XCBuildConfiguration;
			buildSettings = {
				ASSETCATALOG_COMPILER_APPICON_NAME = AppIcon;
				ASSETCATALOG_COMPILER_GLOBAL_ACCENT_COLOR_NAME = AccentColor;
				CODE_SIGN_STYLE = Automatic;
				CURRENT_PROJECT_VERSION = 1;
				DEVELOPMENT_ASSET_PATHS = "\"echoscholar-ios/Preview Content\"";
				DEVELOPMENT_TEAM = W8H3W4BZ8S;
				ENABLE_PREVIEWS = YES;
				EXCLUDED_ARCHS = "";
				FRAMEWORK_SEARCH_PATHS = (
					"$(inherited)",
					"$(PROJECT_DIR)",
				);
				GENERATE_INFOPLIST_FILE = YES;
				INFOPLIST_FILE = "echoscholar-ios/Info.plist";
				INFOPLIST_KEY_CFBundleDisplayName = EchoScholar;
				INFOPLIST_KEY_LSApplicationCategoryType = "public.app-category.utilities";
				INFOPLIST_KEY_NSMicrophoneUsageDescription = "echoscholar-ios needs microphone access to record audio for transcription";
				INFOPLIST_KEY_NSSpeechRecognitionUsageDescription = "$(PRODUCT_NAME) needs to access your microphone to record and transcribe";
				INFOPLIST_KEY_UIApplicationSceneManifest_Generation = YES;
				INFOPLIST_KEY_UIApplicationSupportsIndirectInputEvents = YES;
				INFOPLIST_KEY_UILaunchScreen_Generation = YES;
				INFOPLIST_KEY_UILaunchStoryboardName = LaunchScreen.storyboard;
				INFOPLIST_KEY_UISupportedInterfaceOrientations_iPad = "UIInterfaceOrientationPortrait UIInterfaceOrientationPortraitUpsideDown UIInterfaceOrientationLandscapeLeft UIInterfaceOrientationLandscapeRight";
				INFOPLIST_KEY_UISupportedInterfaceOrientations_iPhone = "UIInterfaceOrientationPortrait UIInterfaceOrientationLandscapeLeft UIInterfaceOrientationLandscapeRight";
				LD_RUNPATH_SEARCH_PATHS = (
					"$(inherited)",
					"@executable_path/Frameworks",
				);
				LIBRARY_SEARCH_PATHS = (
					"$(inherited)",
					"$(PROJECT_DIR)/FFmpegFramework/lib",
					"$(PROJECT_DIR)/FFmpegFramework/include",
				);
				MARKETING_VERSION = 1.0;
				PRODUCT_BUNDLE_IDENTIFIER = "com.bibintomj.echoscholar-ios";
				PRODUCT_NAME = "$(TARGET_NAME)";
				SWIFT_EMIT_LOC_STRINGS = YES;
				SWIFT_OBJC_BRIDGING_HEADER = "";
				SWIFT_VERSION = 5.0;
				TARGETED_DEVICE_FAMILY = "1,2";
			};
			name = Debug;
		};
		1C7E79532DDB9D4300C42589 /* Release */ = {
			isa = XCBuildConfiguration;
			buildSettings = {
				ASSETCATALOG_COMPILER_APPICON_NAME = AppIcon;
				ASSETCATALOG_COMPILER_GLOBAL_ACCENT_COLOR_NAME = AccentColor;
				CODE_SIGN_STYLE = Automatic;
				CURRENT_PROJECT_VERSION = 1;
				DEVELOPMENT_ASSET_PATHS = "\"echoscholar-ios/Preview Content\"";
				DEVELOPMENT_TEAM = W8H3W4BZ8S;
				ENABLE_PREVIEWS = YES;
				EXCLUDED_ARCHS = "";
				FRAMEWORK_SEARCH_PATHS = (
					"$(inherited)",
					"$(PROJECT_DIR)",
				);
				GENERATE_INFOPLIST_FILE = YES;
				INFOPLIST_FILE = "echoscholar-ios/Info.plist";
				INFOPLIST_KEY_CFBundleDisplayName = EchoScholar;
				INFOPLIST_KEY_LSApplicationCategoryType = "public.app-category.utilities";
				INFOPLIST_KEY_NSMicrophoneUsageDescription = "echoscholar-ios needs microphone access to record audio for transcription";
				INFOPLIST_KEY_NSSpeechRecognitionUsageDescription = "$(PRODUCT_NAME) needs to access your microphone to record and transcribe";
				INFOPLIST_KEY_UIApplicationSceneManifest_Generation = YES;
				INFOPLIST_KEY_UIApplicationSupportsIndirectInputEvents = YES;
				INFOPLIST_KEY_UILaunchScreen_Generation = YES;
				INFOPLIST_KEY_UILaunchStoryboardName = LaunchScreen.storyboard;
				INFOPLIST_KEY_UISupportedInterfaceOrientations_iPad = "UIInterfaceOrientationPortrait UIInterfaceOrientationPortraitUpsideDown UIInterfaceOrientationLandscapeLeft UIInterfaceOrientationLandscapeRight";
				INFOPLIST_KEY_UISupportedInterfaceOrientations_iPhone = "UIInterfaceOrientationPortrait UIInterfaceOrientationLandscapeLeft UIInterfaceOrientationLandscapeRight";
				LD_RUNPATH_SEARCH_PATHS = (
					"$(inherited)",
					"@executable_path/Frameworks",
				);
				LIBRARY_SEARCH_PATHS = (
					"$(inherited)",
					"$(PROJECT_DIR)/FFmpegFramework/lib",
					"$(PROJECT_DIR)/FFmpegFramework/include",
				);
				MARKETING_VERSION = 1.0;
				PRODUCT_BUNDLE_IDENTIFIER = "com.bibintomj.echoscholar-ios";
				PRODUCT_NAME = "$(TARGET_NAME)";
				SWIFT_EMIT_LOC_STRINGS = YES;
				SWIFT_OBJC_BRIDGING_HEADER = "";
				SWIFT_VERSION = 5.0;
				TARGETED_DEVICE_FAMILY = "1,2";
			};
			name = Release;
		};
/* End XCBuildConfiguration section */

/* Begin XCConfigurationList section */
		1C7E793E2DDB9D4200C42589 /* Build configuration list for PBXProject "echoscholar-ios" */ = {
			isa = XCConfigurationList;
			buildConfigurations = (
				1C7E794F2DDB9D4300C42589 /* Debug */,
				1C7E79502DDB9D4300C42589 /* Release */,
			);
			defaultConfigurationIsVisible = 0;
			defaultConfigurationName = Release;
		};
		1C7E79512DDB9D4300C42589 /* Build configuration list for PBXNativeTarget "echoscholar-ios" */ = {
			isa = XCConfigurationList;
			buildConfigurations = (
				1C7E79522DDB9D4300C42589 /* Debug */,
				1C7E79532DDB9D4300C42589 /* Release */,
			);
			defaultConfigurationIsVisible = 0;
			defaultConfigurationName = Release;
		};
/* End XCConfigurationList section */

/* Begin XCRemoteSwiftPackageReference section */
		1C9880B92DF89034001E8E39 /* XCRemoteSwiftPackageReference "supabase-swift" */ = {
			isa = XCRemoteSwiftPackageReference;
			repositoryURL = "https://github.com/supabase/supabase-swift.git";
			requirement = {
				kind = upToNextMajorVersion;
				minimumVersion = 2.5.1;
			};
		};
		1CA183782E007CEA003F4600 /* XCRemoteSwiftPackageReference "GoogleSignIn-iOS" */ = {
			isa = XCRemoteSwiftPackageReference;
			repositoryURL = "https://github.com/google/GoogleSignIn-iOS";
			requirement = {
				kind = upToNextMajorVersion;
				minimumVersion = 8.0.0;
			};
		};
		1CBA365C2E29928A00DB98F2 /* XCRemoteSwiftPackageReference "ffmpeg-kit-spm" */ = {
			isa = XCRemoteSwiftPackageReference;
			repositoryURL = "https://github.com/tylerjonesio/ffmpeg-kit-spm";
			requirement = {
				branch = main;
				kind = branch;
			};
		};
/* End XCRemoteSwiftPackageReference section */

/* Begin XCSwiftPackageProductDependency section */
		1C5526D22DED57480073C293 /* NetSwift */ = {
			isa = XCSwiftPackageProductDependency;
			productName = NetSwift;
		};
		1C9880BA2DF89034001E8E39 /* Auth */ = {
			isa = XCSwiftPackageProductDependency;
			package = 1C9880B92DF89034001E8E39 /* XCRemoteSwiftPackageReference "supabase-swift" */;
			productName = Auth;
		};
		1C98813C2DF8AD12001E8E39 /* Functions */ = {
			isa = XCSwiftPackageProductDependency;
			package = 1C9880B92DF89034001E8E39 /* XCRemoteSwiftPackageReference "supabase-swift" */;
			productName = Functions;
		};
		1C98813E2DF8AD12001E8E39 /* PostgREST */ = {
			isa = XCSwiftPackageProductDependency;
			package = 1C9880B92DF89034001E8E39 /* XCRemoteSwiftPackageReference "supabase-swift" */;
			productName = PostgREST;
		};
		1C9881402DF8AD12001E8E39 /* Storage */ = {
			isa = XCSwiftPackageProductDependency;
			package = 1C9880B92DF89034001E8E39 /* XCRemoteSwiftPackageReference "supabase-swift" */;
			productName = Storage;
		};
		1C9881422DF8AD33001E8E39 /* Supabase */ = {
			isa = XCSwiftPackageProductDependency;
			package = 1C9880B92DF89034001E8E39 /* XCRemoteSwiftPackageReference "supabase-swift" */;
			productName = Supabase;
		};
		1CA183792E007CEA003F4600 /* GoogleSignIn */ = {
			isa = XCSwiftPackageProductDependency;
			package = 1CA183782E007CEA003F4600 /* XCRemoteSwiftPackageReference "GoogleSignIn-iOS" */;
			productName = GoogleSignIn;
		};
		1CA1837B2E007CEA003F4600 /* GoogleSignInSwift */ = {
			isa = XCSwiftPackageProductDependency;
			package = 1CA183782E007CEA003F4600 /* XCRemoteSwiftPackageReference "GoogleSignIn-iOS" */;
			productName = GoogleSignInSwift;
		};
/* End XCSwiftPackageProductDependency section */
	};
	rootObject = 1C7E793B2DDB9D4200C42589 /* Project object */;
}
